Microsoft Visual Studio Solution File, Format Version 12.00
# Visual Studio Version 17
VisualStudioVersion = 17.5.2.0
MinimumVisualStudioVersion = 10.0.40219.1
Project("{FAE04EC0-301F-11D3-BF4B-00C04F79EFBC}") = "CommunitySystem", "CommunitySystem.csproj", "{ED200677-2106-6B2B-2F04-BC7E96818301}"
EndProject
Global
	GlobalSection(SolutionConfigurationPlatforms) = preSolution
		Debug|Any CPU = Debug|Any CPU
		Release|Any CPU = Release|Any CPU
	EndGlobalSection
	GlobalSection(ProjectConfigurationPlatforms) = postSolution
		{ED200677-2106-6B2B-2F04-BC7E96818301}.Debug|Any CPU.ActiveCfg = Debug|Any CPU
		{ED200677-2106-6B2B-2F04-BC7E96818301}.Debug|Any CPU.Build.0 = Debug|Any CPU
		{ED200677-2106-6B2B-2F04-BC7E96818301}.Release|Any CPU.ActiveCfg = Release|Any CPU
		{ED200677-2106-6B2B-2F04-BC7E96818301}.Release|Any CPU.Build.0 = Release|Any CPU
	EndGlobalSection
	GlobalSection(SolutionProperties) = preSolution
		HideSolutionNode = FALSE
	EndGlobalSection
	GlobalSection(ExtensibilityGlobals) = postSolution
		SolutionGuid = {79E640D1-3BFB-450F-8B28-7FDB0A7CB109}
	EndGlobalSection
EndGlobal
